
Microsoft Visual Studio Solution File, Format Version 12.00
# Visual Studio Version 17
VisualStudioVersion = 17.3.32929.385
MinimumVisualStudioVersion = 10.0.40219.1
Project("{FAE04EC0-301F-11D3-BF4B-00C04F79EFBC}") = "MvcCv", "MvcCv\MvcCv.csproj", "{2D0F710F-C91E-4364-924C-99190D4213BB}"
EndProject
Global
	GlobalSection(SolutionConfigurationPlatforms) = preSolution
		Debug|Any CPU = Debug|Any CPU
		Release|Any CPU = Release|Any CPU
	EndGlobalSection
	GlobalSection(ProjectConfigurationPlatforms) = postSolution
		{2D0F710F-C91E-4364-924C-99190D4213BB}.Debug|Any CPU.ActiveCfg = Debug|Any CPU
		{2D0F710F-C91E-4364-924C-99190D4213BB}.Debug|Any CPU.Build.0 = Debug|Any CPU
		{2D0F710F-C91E-4364-924C-99190D4213BB}.Release|Any CPU.ActiveCfg = Release|Any CPU
		{2D0F710F-C91E-4364-924C-99190D4213BB}.Release|Any CPU.Build.0 = Release|Any CPU
	EndGlobalSection
	GlobalSection(SolutionProperties) = preSolution
		HideSolutionNode = FALSE
	EndGlobalSection
	GlobalSection(ExtensibilityGlobals) = postSolution
		SolutionGuid = {7F50A0EE-86DE-4B28-A241-B6691D805269}
	EndGlobalSection
EndGlobal
